<?xml version="1.0" encoding="utf-8"?>
<Project ToolsVersion="4.0" xmlns="http://schemas.microsoft.com/developer/msbuild/2003">
  <ItemGroup>
    <Filter Include="Arquivos de Origem">
      <UniqueIdentifier>{4FC737F1-C7A5-4376-A066-2A32D752A2FF}</UniqueIdentifier>
      <Extensions>cpp;c;cc;cxx;c++;cppm;ixx;def;odl;idl;hpj;bat;asm;asmx</Extensions>
    </Filter>
    <Filter Include="Arquivos de Cabeçalho">
      <UniqueIdentifier>{93995380-89BD-4b04-88EB-625FBE52EBFB}</UniqueIdentifier>
      <Extensions>h;hh;hpp;hxx;h++;hm;inl;inc;ipp;xsd</Extensions>
    </Filter>
    <Filter Include="Arquivos de Recurso">
      <UniqueIdentifier>{67DA6AB6-F800-4c08-8B7A-83BB121AAD01}</UniqueIdentifier>
      <Extensions>rc;ico;cur;bmp;dlg;rc2;rct;bin;rgs;gif;jpg;jpeg;jpe;resx;tiff;tif;png;wav;mfcribbon-ms</Extensions>
    </Filter>
    <Filter Include="Arquivos de Cabeçalho\Button">
      <UniqueIdentifier>{e285250d-416b-43e5-87cc-2fd4e8790f13}</UniqueIdentifier>
    </Filter>
    <Filter Include="Arquivos de Origem\Button">
      <UniqueIdentifier>{5bab53b2-2957-47cd-bcfe-1cfb18b3c0b9}</UniqueIdentifier>
    </Filter>
  </ItemGroup>
  <ItemGroup>
    <None Include="packages.config" />
  </ItemGroup>
  <ItemGroup>
    <ClCompile Include="Origem.cpp">
      <Filter>Arquivos de Origem</Filter>
    </ClCompile>
    <ClCompile Include="Include\Canvas\Canvas.cpp">
      <Filter>Arquivos de Origem</Filter>
    </ClCompile>
    <ClCompile Include="Include\Keyboard_Reader\Keyboard Reader.cpp">
      <Filter>Arquivos de Origem</Filter>
    </ClCompile>
    <ClCompile Include="Include\Button\Btn Screen Change.cpp">
      <Filter>Arquivos de Origem\Button</Filter>
    </ClCompile>
    <ClCompile Include="Include\Button\Button.cpp">
      <Filter>Arquivos de Origem\Button</Filter>
    </ClCompile>
  </ItemGroup>
  <ItemGroup>
    <ClInclude Include="Include\Canvas\Canvas.h">
      <Filter>Arquivos de Cabeçalho</Filter>
    </ClInclude>
    <ClInclude Include="Include\Keyboard_Reader\Keyboard Reader.h">
      <Filter>Arquivos de Cabeçalho</Filter>
    </ClInclude>
    <ClInclude Include="Include\Button\Btn Screen Change.h">
      <Filter>Arquivos de Cabeçalho\Button</Filter>
    </ClInclude>
    <ClInclude Include="Include\Button\Button Colection.h">
      <Filter>Arquivos de Cabeçalho\Button</Filter>
    </ClInclude>
    <ClInclude Include="Include\Button\Button.h">
      <Filter>Arquivos de Cabeçalho\Button</Filter>
    </ClInclude>
    <ClInclude Include="Include\Colors\Colors.h">
      <Filter>Arquivos de Cabeçalho</Filter>
    </ClInclude>
  </ItemGroup>
</Project>